
Microsoft Visual Studio Solution File, Format Version 12.00
# Visual Studio Version 18
VisualStudioVersion = 18.6.11819.183 stable
MinimumVisualStudioVersion = 10.0.40219.1
Project("{FAE04EC0-301F-11D3-BF4B-00C04F79EFBC}") = "TAM", "TAM.csproj", "{B8F6DE20-3B0A-CE57-4A1E-FF8C9A686EEA}"
EndProject
Global
	GlobalSection(SolutionConfigurationPlatforms) = preSolution
		Debug|Any CPU = Debug|Any CPU
		Release|Any CPU = Release|Any CPU
	EndGlobalSection
	GlobalSection(ProjectConfigurationPlatforms) = postSolution
		{B8F6DE20-3B0A-CE57-4A1E-FF8C9A686EEA}.Debug|Any CPU.ActiveCfg = Debug|Any CPU
		{B8F6DE20-3B0A-CE57-4A1E-FF8C9A686EEA}.Debug|Any CPU.Build.0 = Debug|Any CPU
		{B8F6DE20-3B0A-CE57-4A1E-FF8C9A686EEA}.Release|Any CPU.ActiveCfg = Release|Any CPU
		{B8F6DE20-3B0A-CE57-4A1E-FF8C9A686EEA}.Release|Any CPU.Build.0 = Release|Any CPU
	EndGlobalSection
	GlobalSection(SolutionProperties) = preSolution
		HideSolutionNode = FALSE
	EndGlobalSection
	GlobalSection(ExtensibilityGlobals) = postSolution
		SolutionGuid = {9BB20E5E-6840-4501-B262-B1890F7A9091}
	EndGlobalSection
EndGlobal
